
Microsoft Visual Studio Solution File, Format Version 12.00
# Visual Studio Version 16
VisualStudioVersion = 16.0.30204.135
MinimumVisualStudioVersion = 10.0.40219.1
Project("{8BC9CEB8-8B4A-11D0-8D11-00A0C91BC942}") = "XssBot", "XssBot\XssBot.vcxproj", "{911BAC5C-6CBD-4F85-AF4A-AC814993AB64}"
EndProject
Global
	GlobalSection(SolutionConfigurationPlatforms) = preSolution
		Debug|x64 = Debug|x64
		Debug|x86 = Debug|x86
		Release|x64 = Release|x64
		Release|x86 = Release|x86
	EndGlobalSection
	GlobalSection(ProjectConfigurationPlatforms) = postSolution
		{911BAC5C-6CBD-4F85-AF4A-AC814993AB64}.Debug|x64.ActiveCfg = Debug|x64
		{911BAC5C-6CBD-4F85-AF4A-AC814993AB64}.Debug|x64.Build.0 = Debug|x64
		{911BAC5C-6CBD-4F85-AF4A-AC814993AB64}.Debug|x86.ActiveCfg = Debug|Win32
		{911BAC5C-6CBD-4F85-AF4A-AC814993AB64}.Debug|x86.Build.0 = Debug|Win32
		{911BAC5C-6CBD-4F85-AF4A-AC814993AB64}.Release|x64.ActiveCfg = Release|x64
		{911BAC5C-6CBD-4F85-AF4A-AC814993AB64}.Release|x64.Build.0 = Release|x64
		{911BAC5C-6CBD-4F85-AF4A-AC814993AB64}.Release|x86.ActiveCfg = Release|Win32
		{911BAC5C-6CBD-4F85-AF4A-AC814993AB64}.Release|x86.Build.0 = Release|Win32
	EndGlobalSection
	GlobalSection(SolutionProperties) = preSolution
		HideSolutionNode = FALSE
	EndGlobalSection
	GlobalSection(ExtensibilityGlobals) = postSolution
		SolutionGuid = {53C35AD7-BEA6-4DA3-AB54-828879E8EE5E}
	EndGlobalSection
EndGlobal
