
Microsoft Visual Studio Solution File, Format Version 12.00
# Visual Studio Version 16
VisualStudioVersion = 16.0.29230.47
MinimumVisualStudioVersion = 10.0.40219.1
Project("{8BC9CEB8-8B4A-11D0-8D11-00A0C91BC942}") = "Bot", "Bot\Bot.vcxproj", "{441BC270-314F-4847-856D-C3F3C69CC39A}"
EndProject
Project("{8BC9CEB8-8B4A-11D0-8D11-00A0C91BC942}") = "ModuleRunExeShellexecute", "RunExeShellexecute\RunExeShellexecute.vcxproj", "{99BDC1DC-6C6C-43ED-8692-51F328E61BDD}"
EndProject
Global
	GlobalSection(SolutionConfigurationPlatforms) = preSolution
		Debug|x64 = Debug|x64
		Debug|x86 = Debug|x86
		Release|x64 = Release|x64
		Release|x86 = Release|x86
	EndGlobalSection
	GlobalSection(ProjectConfigurationPlatforms) = postSolution
		{441BC270-314F-4847-856D-C3F3C69CC39A}.Debug|x64.ActiveCfg = Debug|x64
		{441BC270-314F-4847-856D-C3F3C69CC39A}.Debug|x64.Build.0 = Debug|x64
		{441BC270-314F-4847-856D-C3F3C69CC39A}.Debug|x86.ActiveCfg = Debug|Win32
		{441BC270-314F-4847-856D-C3F3C69CC39A}.Debug|x86.Build.0 = Debug|Win32
		{441BC270-314F-4847-856D-C3F3C69CC39A}.Release|x64.ActiveCfg = Release|x64
		{441BC270-314F-4847-856D-C3F3C69CC39A}.Release|x64.Build.0 = Release|x64
		{441BC270-314F-4847-856D-C3F3C69CC39A}.Release|x86.ActiveCfg = Release|Win32
		{441BC270-314F-4847-856D-C3F3C69CC39A}.Release|x86.Build.0 = Release|Win32
		{99BDC1DC-6C6C-43ED-8692-51F328E61BDD}.Debug|x64.ActiveCfg = Debug|x64
		{99BDC1DC-6C6C-43ED-8692-51F328E61BDD}.Debug|x64.Build.0 = Debug|x64
		{99BDC1DC-6C6C-43ED-8692-51F328E61BDD}.Debug|x86.ActiveCfg = Debug|Win32
		{99BDC1DC-6C6C-43ED-8692-51F328E61BDD}.Debug|x86.Build.0 = Debug|Win32
		{99BDC1DC-6C6C-43ED-8692-51F328E61BDD}.Release|x64.ActiveCfg = Release|x64
		{99BDC1DC-6C6C-43ED-8692-51F328E61BDD}.Release|x64.Build.0 = Release|x64
		{99BDC1DC-6C6C-43ED-8692-51F328E61BDD}.Release|x86.ActiveCfg = Release|Win32
		{99BDC1DC-6C6C-43ED-8692-51F328E61BDD}.Release|x86.Build.0 = Release|Win32
	EndGlobalSection
	GlobalSection(SolutionProperties) = preSolution
		HideSolutionNode = FALSE
	EndGlobalSection
	GlobalSection(ExtensibilityGlobals) = postSolution
		SolutionGuid = {14850C38-9499-4A68-A706-35606D3D927F}
	EndGlobalSection
EndGlobal
